
Microsoft Visual Studio Solution File, Format Version 12.00
# Visual Studio Version 17
VisualStudioVersion = 17.14.36301.6 d17.14
MinimumVisualStudioVersion = 10.0.40219.1
Project("{FAE04EC0-301F-11D3-BF4B-00C04F79EFBC}") = "FundamentosCSharp", "FundamentosCSharp.csproj", "{28690D51-1ABB-4D09-9138-1FBA62BC60ED}"
EndProject
Global
	GlobalSection(SolutionConfigurationPlatforms) = preSolution
		Debug|Any CPU = Debug|Any CPU
		Release|Any CPU = Release|Any CPU
	EndGlobalSection
	GlobalSection(ProjectConfigurationPlatforms) = postSolution
		{28690D51-1ABB-4D09-9138-1FBA62BC60ED}.Debug|Any CPU.ActiveCfg = Debug|Any CPU
		{28690D51-1ABB-4D09-9138-1FBA62BC60ED}.Debug|Any CPU.Build.0 = Debug|Any CPU
		{28690D51-1ABB-4D09-9138-1FBA62BC60ED}.Release|Any CPU.ActiveCfg = Release|Any CPU
		{28690D51-1ABB-4D09-9138-1FBA62BC60ED}.Release|Any CPU.Build.0 = Release|Any CPU
	EndGlobalSection
	GlobalSection(SolutionProperties) = preSolution
		HideSolutionNode = FALSE
	EndGlobalSection
	GlobalSection(ExtensibilityGlobals) = postSolution
		SolutionGuid = {E340C21B-B4DA-42A4-8081-7D8A00360892}
	EndGlobalSection
EndGlobal
